
Microsoft Visual Studio Solution File, Format Version 12.00
# Visual Studio Version 17
VisualStudioVersion = 17.9.34723.18
MinimumVisualStudioVersion = 10.0.40219.1
Project("{9A19103F-16F7-4668-BE54-9A1E7A4F7556}") = "ShoppingCart", "ShoppingCart\ShoppingCart\ShoppingCart.csproj", "{3590EA20-6246-410F-A056-3616BD41C897}"
EndProject
Project("{9A19103F-16F7-4668-BE54-9A1E7A4F7556}") = "ShoppingCart.Client", "ShoppingCart\ShoppingCart.Client\ShoppingCart.Client.csproj", "{2A863BF9-790A-4821-8108-0F02A5CC544F}"
EndProject
Project("{9A19103F-16F7-4668-BE54-9A1E7A4F7556}") = "ShoppingCartShared", "ShoppingCartShared\ShoppingCartShared.csproj", "{20EB5A08-26CA-4098-9657-DE85B9155AE5}"
EndProject
Project("{9A19103F-16F7-4668-BE54-9A1E7A4F7556}") = "ShoppingApi", "ShoppingApi\ShoppingApi.csproj", "{8A9C9913-6FC3-465B-863F-C7A1FA9D78C6}"
	ProjectSection(ProjectDependencies) = postProject
		{20EB5A08-26CA-4098-9657-DE85B9155AE5} = {20EB5A08-26CA-4098-9657-DE85B9155AE5}
	EndProjectSection
EndProject
Global
	GlobalSection(SolutionConfigurationPlatforms) = preSolution
		Debug|Any CPU = Debug|Any CPU
		Release|Any CPU = Release|Any CPU
	EndGlobalSection
	GlobalSection(ProjectConfigurationPlatforms) = postSolution
		{3590EA20-6246-410F-A056-3616BD41C897}.Debug|Any CPU.ActiveCfg = Debug|Any CPU
		{3590EA20-6246-410F-A056-3616BD41C897}.Debug|Any CPU.Build.0 = Debug|Any CPU
		{3590EA20-6246-410F-A056-3616BD41C897}.Release|Any CPU.ActiveCfg = Release|Any CPU
		{3590EA20-6246-410F-A056-3616BD41C897}.Release|Any CPU.Build.0 = Release|Any CPU
		{2A863BF9-790A-4821-8108-0F02A5CC544F}.Debug|Any CPU.ActiveCfg = Debug|Any CPU
		{2A863BF9-790A-4821-8108-0F02A5CC544F}.Debug|Any CPU.Build.0 = Debug|Any CPU
		{2A863BF9-790A-4821-8108-0F02A5CC544F}.Release|Any CPU.ActiveCfg = Release|Any CPU
		{2A863BF9-790A-4821-8108-0F02A5CC544F}.Release|Any CPU.Build.0 = Release|Any CPU
		{20EB5A08-26CA-4098-9657-DE85B9155AE5}.Debug|Any CPU.ActiveCfg = Debug|Any CPU
		{20EB5A08-26CA-4098-9657-DE85B9155AE5}.Debug|Any CPU.Build.0 = Debug|Any CPU
		{20EB5A08-26CA-4098-9657-DE85B9155AE5}.Release|Any CPU.ActiveCfg = Release|Any CPU
		{20EB5A08-26CA-4098-9657-DE85B9155AE5}.Release|Any CPU.Build.0 = Release|Any CPU
		{8A9C9913-6FC3-465B-863F-C7A1FA9D78C6}.Debug|Any CPU.ActiveCfg = Debug|Any CPU
		{8A9C9913-6FC3-465B-863F-C7A1FA9D78C6}.Debug|Any CPU.Build.0 = Debug|Any CPU
		{8A9C9913-6FC3-465B-863F-C7A1FA9D78C6}.Release|Any CPU.ActiveCfg = Release|Any CPU
		{8A9C9913-6FC3-465B-863F-C7A1FA9D78C6}.Release|Any CPU.Build.0 = Release|Any CPU
	EndGlobalSection
	GlobalSection(SolutionProperties) = preSolution
		HideSolutionNode = FALSE
	EndGlobalSection
	GlobalSection(ExtensibilityGlobals) = postSolution
		SolutionGuid = {60350D9A-FB48-41CC-B0B6-71B6E5AB4B89}
	EndGlobalSection
EndGlobal
